
Microsoft Visual Studio Solution File, Format Version 12.00
# Visual Studio Version 17
VisualStudioVersion = 17.0.32014.148
MinimumVisualStudioVersion = 10.0.40219.1
Project("{FAE04EC0-301F-11D3-BF4B-00C04F79EFBC}") = "RemoteFileDirectory", "RemoteFileDirectory\RemoteFileDirectory.csproj", "{7A7761B0-83CB-4736-9265-3817F4130957}"
EndProject
Project("{FAE04EC0-301F-11D3-BF4B-00C04F79EFBC}") = "RemoteFileDirectoryTests", "RemoteFileDirectoryTests\RemoteFileDirectoryTests.csproj", "{09A87C67-EC91-4568-948F-3228E0ACE5A6}"
EndProject
Global
	GlobalSection(SolutionConfigurationPlatforms) = preSolution
		Debug|Any CPU = Debug|Any CPU
		Release|Any CPU = Release|Any CPU
	EndGlobalSection
	GlobalSection(ProjectConfigurationPlatforms) = postSolution
		{7A7761B0-83CB-4736-9265-3817F4130957}.Debug|Any CPU.ActiveCfg = Debug|Any CPU
		{7A7761B0-83CB-4736-9265-3817F4130957}.Debug|Any CPU.Build.0 = Debug|Any CPU
		{7A7761B0-83CB-4736-9265-3817F4130957}.Release|Any CPU.ActiveCfg = Release|Any CPU
		{7A7761B0-83CB-4736-9265-3817F4130957}.Release|Any CPU.Build.0 = Release|Any CPU
		{09A87C67-EC91-4568-948F-3228E0ACE5A6}.Debug|Any CPU.ActiveCfg = Debug|Any CPU
		{09A87C67-EC91-4568-948F-3228E0ACE5A6}.Debug|Any CPU.Build.0 = Debug|Any CPU
		{09A87C67-EC91-4568-948F-3228E0ACE5A6}.Release|Any CPU.ActiveCfg = Release|Any CPU
		{09A87C67-EC91-4568-948F-3228E0ACE5A6}.Release|Any CPU.Build.0 = Release|Any CPU
	EndGlobalSection
	GlobalSection(SolutionProperties) = preSolution
		HideSolutionNode = FALSE
	EndGlobalSection
	GlobalSection(ExtensibilityGlobals) = postSolution
		SolutionGuid = {4F82D824-EE02-40C8-BD15-ED6A65FC8599}
	EndGlobalSection
EndGlobal
